# This file is machine-generated by `gh actions-lock`.
# Do not edit by hand; run `gh actions-lock` to update.
# Docs: https://gh.io/actions-lockfile
version: 'v0.0.2'
workflows:
    '.github/workflows/update.yaml':
        - 'actions/checkout@v7.0.1'
        - 'determinatesystems/determinate-nix-action@v3.23.0'
        - 'determinatesystems/update-flake-lock@v28'
dependencies:
    'actions/checkout@v7.0.1':
        ref: 'v7.0.1'
        commit: 'sha1-3d3c42e5aac5ba805825da76410c181273ba90b1'
        owner_id: 44036562
        repo_id: 197814629
    'crazy-max/ghaction-import-gpg@e89d40939c28e39f97cf32126055eeae86ba74ec':
        ref: 'v6.3.0'
        commit: 'sha1-e89d40939c28e39f97cf32126055eeae86ba74ec'
        owner_id: 1951866
        repo_id: 260488959
    'damianreeves/write-file-action@6929a9a6d1807689191dcc8bbe62b54d70a32b42':
        ref: 'v1.3'
        commit: 'sha1-6929a9a6d1807689191dcc8bbe62b54d70a32b42'
        owner_id: 957246
        repo_id: 258052107
    'determinatesystems/determinate-nix-action@v3.23.0':
        ref: 'v3.23.0'
        commit: 'sha1-4d65ea9cab522b6d9f29a170aed23ededc1b27af'
        owner_id: 80991770
        repo_id: 983748827
        uses:
            - 'determinatesystems/nix-installer-action@3138316df39ed29be04236d7ffc686fa525866aa'
    'determinatesystems/nix-installer-action@3138316df39ed29be04236d7ffc686fa525866aa':
        ref: 'v23'
        commit: 'sha1-3138316df39ed29be04236d7ffc686fa525866aa'
        owner_id: 80991770
        repo_id: 588678074
    'determinatesystems/update-flake-lock@v28':
        ref: 'v28'
        commit: 'sha1-834c491b2ece4de0bbd00d85214bb5e83b4da5c6'
        owner_id: 80991770
        repo_id: 418625766
        uses:
            - 'crazy-max/ghaction-import-gpg@e89d40939c28e39f97cf32126055eeae86ba74ec'
            - 'damianreeves/write-file-action@6929a9a6d1807689191dcc8bbe62b54d70a32b42'
            - 'juliangruber/read-file-action@b549046febe0fe86f8cb4f93c24e284433f9ab58'
            - 'pedrolamas/handlebars-action@2995d7eadacbc8f2f6ab8431a01d84a5fa3b8bb4'
            - 'peter-evans/create-pull-request@84ae59a2cdc2258d6fa0732dd66352dddae2a412'
    'juliangruber/read-file-action@b549046febe0fe86f8cb4f93c24e284433f9ab58':
        ref: 'v1.1.7'
        commit: 'sha1-b549046febe0fe86f8cb4f93c24e284433f9ab58'
        owner_id: 10247
        repo_id: 244608449
    'pedrolamas/handlebars-action@2995d7eadacbc8f2f6ab8431a01d84a5fa3b8bb4':
        ref: 'v2.4.0'
        commit: 'sha1-2995d7eadacbc8f2f6ab8431a01d84a5fa3b8bb4'
        owner_id: 85504
        repo_id: 304154389
    'peter-evans/create-pull-request@84ae59a2cdc2258d6fa0732dd66352dddae2a412':
        ref: 'v7.0.9'
        commit: 'sha1-84ae59a2cdc2258d6fa0732dd66352dddae2a412'
        owner_id: 18365890
        repo_id: 197176365
